{
  "name": "@vectorize-io/hindsight-zed",
  "version": "0.2.0",
  "lockfileVersion": 3,
  "requires": true,
  "packages": {
    "": {
      "name": "@vectorize-io/hindsight-zed",
      "version": "0.2.0",
      "license": "MIT",
      "bin": {
        "hindsight-zed": "bin/hindsight-zed.js"
      },
      "engines": {
        "node": ">=18.3.0"
      }
    }
  }
}
